
Microsoft Visual Studio Solution File, Format Version 12.00
# Visual Studio Version 17
VisualStudioVersion = 17.8.34316.72
MinimumVisualStudioVersion = 10.0.40219.1
Project("{2150E333-8FDC-42A3-9474-1A3956D46DE8}") = "Services", "Services", "{4AD350DC-F561-4F51-9222-8FE6E4346A3D}"
EndProject
Project("{2150E333-8FDC-42A3-9474-1A3956D46DE8}") = "Catalog", "Catalog", "{FCD4A54D-229D-43A3-8A39-767E689CD0B5}"
EndProject
Project("{9A19103F-16F7-4668-BE54-9A1E7A4F7556}") = "Catalog.API", "Services\Catalog\Catalog.API\Catalog.API.csproj", "{CF75FDE8-0092-4AD9-A43E-9001142D6627}"
EndProject
Project("{2150E333-8FDC-42A3-9474-1A3956D46DE8}") = "BuildingBlocks", "BuildingBlocks", "{39697CB1-43D5-446B-9B63-BD718831476A}"
EndProject
Project("{9A19103F-16F7-4668-BE54-9A1E7A4F7556}") = "BuildingBlocks", "BuildingBlocks\BuildingBlocks\BuildingBlocks.csproj", "{38C691BA-1400-42A5-B0F9-5AA0D5F0996B}"
EndProject
Project("{E53339B2-1760-4266-BCC7-CA923CBCF16C}") = "docker-compose", "docker-compose.dcproj", "{36D47134-5794-4A8E-8345-35CE74F79ECC}"
EndProject
Project("{2150E333-8FDC-42A3-9474-1A3956D46DE8}") = "Basket", "Basket", "{6FB35D83-281D-4B7C-AAC1-5D4E8ED151E8}"
EndProject
Project("{9A19103F-16F7-4668-BE54-9A1E7A4F7556}") = "Basket.API", "Services\Basket\Basket.API\Basket.API.csproj", "{EDDA7BBB-0450-4244-926C-CA7D06C8EFF9}"
EndProject
Project("{2150E333-8FDC-42A3-9474-1A3956D46DE8}") = "Discount", "Discount", "{8096AA79-FD97-4D5A-BAA8-917465BC47D8}"
EndProject
Project("{9A19103F-16F7-4668-BE54-9A1E7A4F7556}") = "Discount.Grpc", "Services\Discount\Discount.Grpc\Discount.Grpc.csproj", "{07F484E3-978A-4B52-AEA4-49F152032930}"
EndProject
Project("{2150E333-8FDC-42A3-9474-1A3956D46DE8}") = "Ordering", "Ordering", "{C58AEF32-EB27-4B8E-8470-93C14A1ADD0B}"
EndProject
Project("{9A19103F-16F7-4668-BE54-9A1E7A4F7556}") = "Ordering.API", "Services\Ordering\Ordering.API\Ordering.API.csproj", "{75D08578-342E-4184-99F4-EE29A4F0FDB5}"
EndProject
Project("{9A19103F-16F7-4668-BE54-9A1E7A4F7556}") = "Ordering.Domain", "Services\Ordering\Ordering.Domain\Ordering.Domain.csproj", "{B3A875A6-F0E1-434C-AB97-CF7A32DE8512}"
EndProject
Project("{9A19103F-16F7-4668-BE54-9A1E7A4F7556}") = "Ordering.Application", "Services\Ordering\Ordering.Application\Ordering.Application.csproj", "{84EE5CB1-3A9B-4672-8D1B-FB30DEEB4656}"
EndProject
Project("{9A19103F-16F7-4668-BE54-9A1E7A4F7556}") = "Ordering.Infrastructure", "Services\Ordering\Ordering.Infrastructure\Ordering.Infrastructure.csproj", "{5F162F71-6CF4-4214-B88F-BEF834C2BE53}"
EndProject
Project("{FAE04EC0-301F-11D3-BF4B-00C04F79EFBC}") = "BuildingBlocks.Messaging", "BuildingBlocks\BuildingBlocks.Messaging\BuildingBlocks.Messaging.csproj", "{AD0FF43A-8F7C-4F44-A732-32EB54D37224}"
EndProject
Global
	GlobalSection(SolutionConfigurationPlatforms) = preSolution
		Debug|Any CPU = Debug|Any CPU
		Release|Any CPU = Release|Any CPU
	EndGlobalSection
	GlobalSection(ProjectConfigurationPlatforms) = postSolution
		{CF75FDE8-0092-4AD9-A43E-9001142D6627}.Debug|Any CPU.ActiveCfg = Debug|Any CPU
		{CF75FDE8-0092-4AD9-A43E-9001142D6627}.Debug|Any CPU.Build.0 = Debug|Any CPU
		{CF75FDE8-0092-4AD9-A43E-9001142D6627}.Release|Any CPU.ActiveCfg = Release|Any CPU
		{CF75FDE8-0092-4AD9-A43E-9001142D6627}.Release|Any CPU.Build.0 = Release|Any CPU
		{38C691BA-1400-42A5-B0F9-5AA0D5F0996B}.Debug|Any CPU.ActiveCfg = Debug|Any CPU
		{38C691BA-1400-42A5-B0F9-5AA0D5F0996B}.Debug|Any CPU.Build.0 = Debug|Any CPU
		{38C691BA-1400-42A5-B0F9-5AA0D5F0996B}.Release|Any CPU.ActiveCfg = Release|Any CPU
		{38C691BA-1400-42A5-B0F9-5AA0D5F0996B}.Release|Any CPU.Build.0 = Release|Any CPU
		{36D47134-5794-4A8E-8345-35CE74F79ECC}.Debug|Any CPU.ActiveCfg = Debug|Any CPU
		{36D47134-5794-4A8E-8345-35CE74F79ECC}.Debug|Any CPU.Build.0 = Debug|Any CPU
		{36D47134-5794-4A8E-8345-35CE74F79ECC}.Release|Any CPU.ActiveCfg = Release|Any CPU
		{36D47134-5794-4A8E-8345-35CE74F79ECC}.Release|Any CPU.Build.0 = Release|Any CPU
		{EDDA7BBB-0450-4244-926C-CA7D06C8EFF9}.Debug|Any CPU.ActiveCfg = Debug|Any CPU
		{EDDA7BBB-0450-4244-926C-CA7D06C8EFF9}.Debug|Any CPU.Build.0 = Debug|Any CPU
		{EDDA7BBB-0450-4244-926C-CA7D06C8EFF9}.Release|Any CPU.ActiveCfg = Release|Any CPU
		{EDDA7BBB-0450-4244-926C-CA7D06C8EFF9}.Release|Any CPU.Build.0 = Release|Any CPU
		{07F484E3-978A-4B52-AEA4-49F152032930}.Debug|Any CPU.ActiveCfg = Debug|Any CPU
		{07F484E3-978A-4B52-AEA4-49F152032930}.Debug|Any CPU.Build.0 = Debug|Any CPU
		{07F484E3-978A-4B52-AEA4-49F152032930}.Release|Any CPU.ActiveCfg = Release|Any CPU
		{07F484E3-978A-4B52-AEA4-49F152032930}.Release|Any CPU.Build.0 = Release|Any CPU
		{75D08578-342E-4184-99F4-EE29A4F0FDB5}.Debug|Any CPU.ActiveCfg = Debug|Any CPU
		{75D08578-342E-4184-99F4-EE29A4F0FDB5}.Debug|Any CPU.Build.0 = Debug|Any CPU
		{75D08578-342E-4184-99F4-EE29A4F0FDB5}.Release|Any CPU.ActiveCfg = Release|Any CPU
		{75D08578-342E-4184-99F4-EE29A4F0FDB5}.Release|Any CPU.Build.0 = Release|Any CPU
		{B3A875A6-F0E1-434C-AB97-CF7A32DE8512}.Debug|Any CPU.ActiveCfg = Debug|Any CPU
		{B3A875A6-F0E1-434C-AB97-CF7A32DE8512}.Debug|Any CPU.Build.0 = Debug|Any CPU
		{B3A875A6-F0E1-434C-AB97-CF7A32DE8512}.Release|Any CPU.ActiveCfg = Release|Any CPU
		{B3A875A6-F0E1-434C-AB97-CF7A32DE8512}.Release|Any CPU.Build.0 = Release|Any CPU
		{84EE5CB1-3A9B-4672-8D1B-FB30DEEB4656}.Debug|Any CPU.ActiveCfg = Debug|Any CPU
		{84EE5CB1-3A9B-4672-8D1B-FB30DEEB4656}.Debug|Any CPU.Build.0 = Debug|Any CPU
		{84EE5CB1-3A9B-4672-8D1B-FB30DEEB4656}.Release|Any CPU.ActiveCfg = Release|Any CPU
		{84EE5CB1-3A9B-4672-8D1B-FB30DEEB4656}.Release|Any CPU.Build.0 = Release|Any CPU
		{5F162F71-6CF4-4214-B88F-BEF834C2BE53}.Debug|Any CPU.ActiveCfg = Debug|Any CPU
		{5F162F71-6CF4-4214-B88F-BEF834C2BE53}.Debug|Any CPU.Build.0 = Debug|Any CPU
		{5F162F71-6CF4-4214-B88F-BEF834C2BE53}.Release|Any CPU.ActiveCfg = Release|Any CPU
		{5F162F71-6CF4-4214-B88F-BEF834C2BE53}.Release|Any CPU.Build.0 = Release|Any CPU
		{AD0FF43A-8F7C-4F44-A732-32EB54D37224}.Debug|Any CPU.ActiveCfg = Debug|Any CPU
		{AD0FF43A-8F7C-4F44-A732-32EB54D37224}.Debug|Any CPU.Build.0 = Debug|Any CPU
		{AD0FF43A-8F7C-4F44-A732-32EB54D37224}.Release|Any CPU.ActiveCfg = Release|Any CPU
		{AD0FF43A-8F7C-4F44-A732-32EB54D37224}.Release|Any CPU.Build.0 = Release|Any CPU
	EndGlobalSection
	GlobalSection(SolutionProperties) = preSolution
		HideSolutionNode = FALSE
	EndGlobalSection
	GlobalSection(NestedProjects) = preSolution
		{FCD4A54D-229D-43A3-8A39-767E689CD0B5} = {4AD350DC-F561-4F51-9222-8FE6E4346A3D}
		{CF75FDE8-0092-4AD9-A43E-9001142D6627} = {FCD4A54D-229D-43A3-8A39-767E689CD0B5}
		{38C691BA-1400-42A5-B0F9-5AA0D5F0996B} = {39697CB1-43D5-446B-9B63-BD718831476A}
		{6FB35D83-281D-4B7C-AAC1-5D4E8ED151E8} = {4AD350DC-F561-4F51-9222-8FE6E4346A3D}
		{EDDA7BBB-0450-4244-926C-CA7D06C8EFF9} = {6FB35D83-281D-4B7C-AAC1-5D4E8ED151E8}
		{8096AA79-FD97-4D5A-BAA8-917465BC47D8} = {4AD350DC-F561-4F51-9222-8FE6E4346A3D}
		{07F484E3-978A-4B52-AEA4-49F152032930} = {8096AA79-FD97-4D5A-BAA8-917465BC47D8}
		{C58AEF32-EB27-4B8E-8470-93C14A1ADD0B} = {4AD350DC-F561-4F51-9222-8FE6E4346A3D}
		{75D08578-342E-4184-99F4-EE29A4F0FDB5} = {C58AEF32-EB27-4B8E-8470-93C14A1ADD0B}
		{B3A875A6-F0E1-434C-AB97-CF7A32DE8512} = {C58AEF32-EB27-4B8E-8470-93C14A1ADD0B}
		{84EE5CB1-3A9B-4672-8D1B-FB30DEEB4656} = {C58AEF32-EB27-4B8E-8470-93C14A1ADD0B}
		{5F162F71-6CF4-4214-B88F-BEF834C2BE53} = {C58AEF32-EB27-4B8E-8470-93C14A1ADD0B}
		{AD0FF43A-8F7C-4F44-A732-32EB54D37224} = {39697CB1-43D5-446B-9B63-BD718831476A}
	EndGlobalSection
	GlobalSection(ExtensibilityGlobals) = postSolution
		SolutionGuid = {EFD612E6-4EE5-47C3-A9C9-2FAAB5F65CC4}
	EndGlobalSection
EndGlobal
